
Microsoft Visual Studio Solution File, Format Version 11.00
# Visual Studio 2010
Project("{FAE04EC0-301F-11D3-BF4B-00C04F79EFBC}") = "Text", "Text\Text\Text.csproj", "{3030D40F-175B-4EC3-BAC4-6EFB61B85802}"
EndProject
Project("{96E2B04D-8817-42C6-938A-82C39BA4D311}") = "TextContent", "Text\TextContent\TextContent.contentproj", "{6CE78F55-F111-47F9-8A74-03D81C7FB82B}"
EndProject
Global
	GlobalSection(SolutionConfigurationPlatforms) = preSolution
		Debug|x86 = Debug|x86
		Release|x86 = Release|x86
	EndGlobalSection
	GlobalSection(ProjectConfigurationPlatforms) = postSolution
		{3030D40F-175B-4EC3-BAC4-6EFB61B85802}.Debug|x86.ActiveCfg = Debug|x86
		{3030D40F-175B-4EC3-BAC4-6EFB61B85802}.Debug|x86.Build.0 = Debug|x86
		{3030D40F-175B-4EC3-BAC4-6EFB61B85802}.Release|x86.ActiveCfg = Release|x86
		{3030D40F-175B-4EC3-BAC4-6EFB61B85802}.Release|x86.Build.0 = Release|x86
		{6CE78F55-F111-47F9-8A74-03D81C7FB82B}.Debug|x86.ActiveCfg = Debug|x86
		{6CE78F55-F111-47F9-8A74-03D81C7FB82B}.Release|x86.ActiveCfg = Release|x86
	EndGlobalSection
	GlobalSection(SolutionProperties) = preSolution
		HideSolutionNode = FALSE
	EndGlobalSection
EndGlobal
