
Microsoft Visual Studio Solution File, Format Version 11.00
# Visual Studio 2010
Project("{FAE04EC0-301F-11D3-BF4B-00C04F79EFBC}") = "ThreadTest", "ThreadTest\ThreadTest\ThreadTest.csproj", "{D58DCAB3-298C-48FB-B353-DB5AC7CD4FEC}"
EndProject
Project("{96E2B04D-8817-42C6-938A-82C39BA4D311}") = "ThreadTestContent", "ThreadTest\ThreadTestContent\ThreadTestContent.contentproj", "{AB69039D-872B-4AF1-B007-FC8EF267B01F}"
EndProject
Global
	GlobalSection(SolutionConfigurationPlatforms) = preSolution
		Debug|x86 = Debug|x86
		Release|x86 = Release|x86
	EndGlobalSection
	GlobalSection(ProjectConfigurationPlatforms) = postSolution
		{D58DCAB3-298C-48FB-B353-DB5AC7CD4FEC}.Debug|x86.ActiveCfg = Debug|x86
		{D58DCAB3-298C-48FB-B353-DB5AC7CD4FEC}.Debug|x86.Build.0 = Debug|x86
		{D58DCAB3-298C-48FB-B353-DB5AC7CD4FEC}.Release|x86.ActiveCfg = Release|x86
		{D58DCAB3-298C-48FB-B353-DB5AC7CD4FEC}.Release|x86.Build.0 = Release|x86
		{AB69039D-872B-4AF1-B007-FC8EF267B01F}.Debug|x86.ActiveCfg = Debug|x86
		{AB69039D-872B-4AF1-B007-FC8EF267B01F}.Release|x86.ActiveCfg = Release|x86
	EndGlobalSection
	GlobalSection(SolutionProperties) = preSolution
		HideSolutionNode = FALSE
	EndGlobalSection
EndGlobal
